// !$*UTF8*$!
{
	archiveVersion = 1;
	classes = {
	};
	objectVersion = 56;
	objects = {

/* Begin PBXBuildFile section */
		5B2D96EB29789CB7000B8B2B /* AppDelegate.swift in Sources */ = {isa = PBXBuildFile; fileRef = 5B2D96EA29789CB7000B8B2B /* AppDelegate.swift */; };
		5B2D96ED29789CB7000B8B2B /* SceneDelegate.swift in Sources */ = {isa = PBXBuildFile; fileRef = 5B2D96EC29789CB7000B8B2B /* SceneDelegate.swift */; };
		5B2D96EF29789CB7000B8B2B /* ViewController.swift in Sources */ = {isa = PBXBuildFile; fileRef = 5B2D96EE29789CB7000B8B2B /* ViewController.swift */; };
		5B2D96F229789CB7000B8B2B /* Main.storyboard in Resources */ = {isa = PBXBuildFile; fileRef = 5B2D96F029789CB7000B8B2B /* Main.storyboard */; };
		5B2D96F429789CB8000B8B2B /* Assets.xcassets in Resources */ = {isa = PBXBuildFile; fileRef = 5B2D96F329789CB8000B8B2B /* Assets.xcassets */; };
		5B2D96F729789CB8000B8B2B /* LaunchScreen.storyboard in Resources */ = {isa = PBXBuildFile; fileRef = 5B2D96F529789CB8000B8B2B /* LaunchScreen.storyboard */; };
		5B2D970229789CB8000B8B2B /* _0230118_HasnainKhan_NYCSchoolsTests.swift in Sources */ = {isa = PBXBuildFile; fileRef = 5B2D970129789CB8000B8B2B /* _0230118_HasnainKhan_NYCSchoolsTests.swift */; };
		5B2D970C29789CB8000B8B2B /* _0230118_HasnainKhan_NYCSchoolsUITests.swift in Sources */ = {isa = PBXBuildFile; fileRef = 5B2D970B29789CB8000B8B2B /* _0230118_HasnainKhan_NYCSchoolsUITests.swift */; };
		5B2D971E2978A1E2000B8B2B /* _0230118_HasnainKhan_NYCSchoolsUITestsLaunchTests.swift in Sources */ = {isa = PBXBuildFile; fileRef = 5B2D970D29789CB8000B8B2B /* _0230118_HasnainKhan_NYCSchoolsUITestsLaunchTests.swift */; };
/* End PBXBuildFile section */

/* Begin PBXContainerItemProxy section */
		5B2D96FE29789CB8000B8B2B /* PBXContainerItemProxy */ = {
			isa = PBXContainerItemProxy;
			containerPortal = 5B2D96DF29789CB7000B8B2B /* Project object */;
			proxyType = 1;
			remoteGlobalIDString = 5B2D96E629789CB7000B8B2B;
			remoteInfo = "20230118-HasnainKhan-NYCSchools";
		};
		5B2D970829789CB8000B8B2B /* PBXContainerItemProxy */ = {
			isa = PBXContainerItemProxy;
			containerPortal = 5B2D96DF29789CB7000B8B2B /* Project object */;
			proxyType = 1;
			remoteGlobalIDString = 5B2D96E629789CB7000B8B2B;
			remoteInfo = "20230118-HasnainKhan-NYCSchools";
		};
/* End PBXContainerItemProxy section */

/* Begin PBXFileReference section */
		5B2D96E729789CB7000B8B2B /* 20230118-HasnainKhan-NYCSchools.app */ = {isa = PBXFileReference; explicitFileType = wrapper.application; includeInIndex = 0; path = "20230118-HasnainKhan-NYCSchools.app"; sourceTree = BUILT_PRODUCTS_DIR; };
		5B2D96EA29789CB7000B8B2B /* AppDelegate.swift */ = {isa = PBXFileReference; lastKnownFileType = sourcecode.swift; path = AppDelegate.swift; sourceTree = "<group>"; };
		5B2D96EC29789CB7000B8B2B /* SceneDelegate.swift */ = {isa = PBXFileReference; lastKnownFileType = sourcecode.swift; path = SceneDelegate.swift; sourceTree = "<group>"; };
		5B2D96EE29789CB7000B8B2B /* ViewController.swift */ = {isa = PBXFileReference; lastKnownFileType = sourcecode.swift; path = ViewController.swift; sourceTree = "<group>"; };
		5B2D96F129789CB7000B8B2B /* Base */ = {isa = PBXFileReference; lastKnownFileType = file.storyboard; name = Base; path = Base.lproj/Main.storyboard; sourceTree = "<group>"; };
		5B2D96F329789CB8000B8B2B /* Assets.xcassets */ = {isa = PBXFileReference; lastKnownFileType = folder.assetcatalog; path = Assets.xcassets; sourceTree = "<group>"; };
		5B2D96F629789CB8000B8B2B /* Base */ = {isa = PBXFileReference; lastKnownFileType = file.storyboard; name = Base; path = Base.lproj/LaunchScreen.storyboard; sourceTree = "<group>"; };
		5B2D96F829789CB8000B8B2B /* Info.plist */ = {isa = PBXFileReference; lastKnownFileType = text.plist.xml; path = Info.plist; sourceTree = "<group>"; };
		5B2D96FD29789CB8000B8B2B /* 20230118-HasnainKhan-NYCSchoolsTests.xctest */ = {isa = PBXFileReference; explicitFileType = wrapper.cfbundle; includeInIndex = 0; path = "20230118-HasnainKhan-NYCSchoolsTests.xctest"; sourceTree = BUILT_PRODUCTS_DIR; };
		5B2D970129789CB8000B8B2B /* _0230118_HasnainKhan_NYCSchoolsTests.swift */ = {isa = PBXFileReference; lastKnownFileType = sourcecode.swift; path = _0230118_HasnainKhan_NYCSchoolsTests.swift; sourceTree = "<group>"; };
		5B2D970729789CB8000B8B2B /* 20230118-HasnainKhan-NYCSchoolsUITests.xctest */ = {isa = PBXFileReference; explicitFileType = wrapper.cfbundle; includeInIndex = 0; path = "20230118-HasnainKhan-NYCSchoolsUITests.xctest"; sourceTree = BUILT_PRODUCTS_DIR; };
		5B2D970B29789CB8000B8B2B /* _0230118_HasnainKhan_NYCSchoolsUITests.swift */ = {isa = PBXFileReference; lastKnownFileType = sourcecode.swift; path = _0230118_HasnainKhan_NYCSchoolsUITests.swift; sourceTree = "<group>"; };
		5B2D970D29789CB8000B8B2B /* _0230118_HasnainKhan_NYCSchoolsUITestsLaunchTests.swift */ = {isa = PBXFileReference; lastKnownFileType = sourcecode.swift; path = _0230118_HasnainKhan_NYCSchoolsUITestsLaunchTests.swift; sourceTree = "<group>"; };
/* End PBXFileReference section */

/* Begin PBXFrameworksBuildPhase section */
		5B2D96E429789CB7000B8B2B /* Frameworks */ = {
			isa = PBXFrameworksBuildPhase;
			buildActionMask = 2147483647;
			files = (
			);
			runOnlyForDeploymentPostprocessing = 0;
		};
		5B2D96FA29789CB8000B8B2B /* Frameworks */ = {
			isa = PBXFrameworksBuildPhase;
			buildActionMask = 2147483647;
			files = (
			);
			runOnlyForDeploymentPostprocessing = 0;
		};
		5B2D970429789CB8000B8B2B /* Frameworks */ = {
			isa = PBXFrameworksBuildPhase;
			buildActionMask = 2147483647;
			files = (
			);
			runOnlyForDeploymentPostprocessing = 0;
		};
/* End PBXFrameworksBuildPhase section */

/* Begin PBXGroup section */
		5B2D96DE29789CB7000B8B2B = {
			isa = PBXGroup;
			children = (
				5B2D96E929789CB7000B8B2B /* Application */,
				5B2D971D2978A19A000B8B2B /* Tests */,
				5B2D96E829789CB7000B8B2B /* Products */,
			);
			sourceTree = "<group>";
		};
		5B2D96E829789CB7000B8B2B /* Products */ = {
			isa = PBXGroup;
			children = (
				5B2D96E729789CB7000B8B2B /* 20230118-HasnainKhan-NYCSchools.app */,
				5B2D96FD29789CB8000B8B2B /* 20230118-HasnainKhan-NYCSchoolsTests.xctest */,
				5B2D970729789CB8000B8B2B /* 20230118-HasnainKhan-NYCSchoolsUITests.xctest */,
			);
			name = Products;
			sourceTree = "<group>";
		};
		5B2D96E929789CB7000B8B2B /* Application */ = {
			isa = PBXGroup;
			children = (
				5B2D971F2978A424000B8B2B /* Assets */,
				5B2D971C2978A181000B8B2B /* Controller */,
				5B2D971B2978A179000B8B2B /* View */,
				5B2D971A2978A16B000B8B2B /* Main */,
				5B2D96F829789CB8000B8B2B /* Info.plist */,
			);
			path = Application;
			sourceTree = "<group>";
		};
		5B2D970029789CB8000B8B2B /* ModelTests */ = {
			isa = PBXGroup;
			children = (
				5B2D970D29789CB8000B8B2B /* _0230118_HasnainKhan_NYCSchoolsUITestsLaunchTests.swift */,
				5B2D970129789CB8000B8B2B /* _0230118_HasnainKhan_NYCSchoolsTests.swift */,
			);
			path = ModelTests;
			sourceTree = "<group>";
		};
		5B2D970A29789CB8000B8B2B /* UITests */ = {
			isa = PBXGroup;
			children = (
				5B2D970B29789CB8000B8B2B /* _0230118_HasnainKhan_NYCSchoolsUITests.swift */,
			);
			path = UITests;
			sourceTree = "<group>";
		};
		5B2D971A2978A16B000B8B2B /* Main */ = {
			isa = PBXGroup;
			children = (
				5B2D96EA29789CB7000B8B2B /* AppDelegate.swift */,
			);
			path = Main;
			sourceTree = "<group>";
		};
		5B2D971B2978A179000B8B2B /* View */ = {
			isa = PBXGroup;
			children = (
				5B2D96EC29789CB7000B8B2B /* SceneDelegate.swift */,
			);
			path = View;
			sourceTree = "<group>";
		};
		5B2D971C2978A181000B8B2B /* Controller */ = {
			isa = PBXGroup;
			children = (
				5B2D96EE29789CB7000B8B2B /* ViewController.swift */,
			);
			path = Controller;
			sourceTree = "<group>";
		};
		5B2D971D2978A19A000B8B2B /* Tests */ = {
			isa = PBXGroup;
			children = (
				5B2D970A29789CB8000B8B2B /* UITests */,
				5B2D970029789CB8000B8B2B /* ModelTests */,
			);
			path = Tests;
			sourceTree = "<group>";
		};
		5B2D971F2978A424000B8B2B /* Assets */ = {
			isa = PBXGroup;
			children = (
				5B2D96F029789CB7000B8B2B /* Main.storyboard */,
				5B2D96F329789CB8000B8B2B /* Assets.xcassets */,
				5B2D96F529789CB8000B8B2B /* LaunchScreen.storyboard */,
			);
			path = Assets;
			sourceTree = "<group>";
		};
/* End PBXGroup section */

/* Begin PBXNativeTarget section */
		5B2D96E629789CB7000B8B2B /* 20230118-HasnainKhan-NYCSchools */ = {
			isa = PBXNativeTarget;
			buildConfigurationList = 5B2D971129789CB8000B8B2B /* Build configuration list for PBXNativeTarget "20230118-HasnainKhan-NYCSchools" */;
			buildPhases = (
				5B2D96E329789CB7000B8B2B /* Sources */,
				5B2D96E429789CB7000B8B2B /* Frameworks */,
				5B2D96E529789CB7000B8B2B /* Resources */,
			);
			buildRules = (
			);
			dependencies = (
			);
			name = "20230118-HasnainKhan-NYCSchools";
			productName = "20230118-HasnainKhan-NYCSchools";
			productReference = 5B2D96E729789CB7000B8B2B /* 20230118-HasnainKhan-NYCSchools.app */;
			productType = "com.apple.product-type.application";
		};
		5B2D96FC29789CB8000B8B2B /* 20230118-HasnainKhan-NYCSchoolsTests */ = {
			isa = PBXNativeTarget;
			buildConfigurationList = 5B2D971429789CB8000B8B2B /* Build configuration list for PBXNativeTarget "20230118-HasnainKhan-NYCSchoolsTests" */;
			buildPhases = (
				5B2D96F929789CB8000B8B2B /* Sources */,
				5B2D96FA29789CB8000B8B2B /* Frameworks */,
				5B2D96FB29789CB8000B8B2B /* Resources */,
			);
			buildRules = (
			);
			dependencies = (
				5B2D96FF29789CB8000B8B2B /* PBXTargetDependency */,
			);
			name = "20230118-HasnainKhan-NYCSchoolsTests";
			productName = "20230118-HasnainKhan-NYCSchoolsTests";
			productReference = 5B2D96FD29789CB8000B8B2B /* 20230118-HasnainKhan-NYCSchoolsTests.xctest */;
			productType = "com.apple.product-type.bundle.unit-test";
		};
		5B2D970629789CB8000B8B2B /* 20230118-HasnainKhan-NYCSchoolsUITests */ = {
			isa = PBXNativeTarget;
			buildConfigurationList = 5B2D971729789CB8000B8B2B /* Build configuration list for PBXNativeTarget "20230118-HasnainKhan-NYCSchoolsUITests" */;
			buildPhases = (
				5B2D970329789CB8000B8B2B /* Sources */,
				5B2D970429789CB8000B8B2B /* Frameworks */,
				5B2D970529789CB8000B8B2B /* Resources */,
			);
			buildRules = (
			);
			dependencies = (
				5B2D970929789CB8000B8B2B /* PBXTargetDependency */,
			);
			name = "20230118-HasnainKhan-NYCSchoolsUITests";
			productName = "20230118-HasnainKhan-NYCSchoolsUITests";
			productReference = 5B2D970729789CB8000B8B2B /* 20230118-HasnainKhan-NYCSchoolsUITests.xctest */;
			productType = "com.apple.product-type.bundle.ui-testing";
		};
/* End PBXNativeTarget section */

/* Begin PBXProject section */
		5B2D96DF29789CB7000B8B2B /* Project object */ = {
			isa = PBXProject;
			attributes = {
				BuildIndependentTargetsInParallel = 1;
				LastSwiftUpdateCheck = 1400;
				LastUpgradeCheck = 1400;
				TargetAttributes = {
					5B2D96E629789CB7000B8B2B = {
						CreatedOnToolsVersion = 14.0;
					};
					5B2D96FC29789CB8000B8B2B = {
						CreatedOnToolsVersion = 14.0;
						TestTargetID = 5B2D96E629789CB7000B8B2B;
					};
					5B2D970629789CB8000B8B2B = {
						CreatedOnToolsVersion = 14.0;
						TestTargetID = 5B2D96E629789CB7000B8B2B;
					};
				};
			};
			buildConfigurationList = 5B2D96E229789CB7000B8B2B /* Build configuration list for PBXProject "20230118-HasnainKhan-NYCSchools" */;
			compatibilityVersion = "Xcode 14.0";
			developmentRegion = en;
			hasScannedForEncodings = 0;
			knownRegions = (
				en,
				Base,
			);
			mainGroup = 5B2D96DE29789CB7000B8B2B;
			productRefGroup = 5B2D96E829789CB7000B8B2B /* Products */;
			projectDirPath = "";
			projectRoot = "";
			targets = (
				5B2D96E629789CB7000B8B2B /* 20230118-HasnainKhan-NYCSchools */,
				5B2D96FC29789CB8000B8B2B /* 20230118-HasnainKhan-NYCSchoolsTests */,
				5B2D970629789CB8000B8B2B /* 20230118-HasnainKhan-NYCSchoolsUITests */,
			);
		};
/* End PBXProject section */

/* Begin PBXResourcesBuildPhase section */
		5B2D96E529789CB7000B8B2B /* Resources */ = {
			isa = PBXResourcesBuildPhase;
			buildActionMask = 2147483647;
			files = (
				5B2D96F729789CB8000B8B2B /* LaunchScreen.storyboard in Resources */,
				5B2D96F429789CB8000B8B2B /* Assets.xcassets in Resources */,
				5B2D96F229789CB7000B8B2B /* Main.storyboard in Resources */,
			);
			runOnlyForDeploymentPostprocessing = 0;
		};
		5B2D96FB29789CB8000B8B2B /* Resources */ = {
			isa = PBXResourcesBuildPhase;
			buildActionMask = 2147483647;
			files = (
			);
			runOnlyForDeploymentPostprocessing = 0;
		};
		5B2D970529789CB8000B8B2B /* Resources */ = {
			isa = PBXResourcesBuildPhase;
			buildActionMask = 2147483647;
			files = (
			);
			runOnlyForDeploymentPostprocessing = 0;
		};
/* End PBXResourcesBuildPhase section */

/* Begin PBXSourcesBuildPhase section */
		5B2D96E329789CB7000B8B2B /* Sources */ = {
			isa = PBXSourcesBuildPhase;
			buildActionMask = 2147483647;
			files = (
				5B2D96EF29789CB7000B8B2B /* ViewController.swift in Sources */,
				5B2D96EB29789CB7000B8B2B /* AppDelegate.swift in Sources */,
				5B2D96ED29789CB7000B8B2B /* SceneDelegate.swift in Sources */,
			);
			runOnlyForDeploymentPostprocessing = 0;
		};
		5B2D96F929789CB8000B8B2B /* Sources */ = {
			isa = PBXSourcesBuildPhase;
			buildActionMask = 2147483647;
			files = (
				5B2D971E2978A1E2000B8B2B /* _0230118_HasnainKhan_NYCSchoolsUITestsLaunchTests.swift in Sources */,
				5B2D970229789CB8000B8B2B /* _0230118_HasnainKhan_NYCSchoolsTests.swift in Sources */,
			);
			runOnlyForDeploymentPostprocessing = 0;
		};
		5B2D970329789CB8000B8B2B /* Sources */ = {
			isa = PBXSourcesBuildPhase;
			buildActionMask = 2147483647;
			files = (
				5B2D970C29789CB8000B8B2B /* _0230118_HasnainKhan_NYCSchoolsUITests.swift in Sources */,
			);
			runOnlyForDeploymentPostprocessing = 0;
		};
/* End PBXSourcesBuildPhase section */

/* Begin PBXTargetDependency section */
		5B2D96FF29789CB8000B8B2B /* PBXTargetDependency */ = {
			isa = PBXTargetDependency;
			target = 5B2D96E629789CB7000B8B2B /* 20230118-HasnainKhan-NYCSchools */;
			targetProxy = 5B2D96FE29789CB8000B8B2B /* PBXContainerItemProxy */;
		};
		5B2D970929789CB8000B8B2B /* PBXTargetDependency */ = {
			isa = PBXTargetDependency;
			target = 5B2D96E629789CB7000B8B2B /* 20230118-HasnainKhan-NYCSchools */;
			targetProxy = 5B2D970829789CB8000B8B2B /* PBXContainerItemProxy */;
		};
/* End PBXTargetDependency section */

/* Begin PBXVariantGroup section */
		5B2D96F029789CB7000B8B2B /* Main.storyboard */ = {
			isa = PBXVariantGroup;
			children = (
				5B2D96F129789CB7000B8B2B /* Base */,
			);
			name = Main.storyboard;
			sourceTree = "<group>";
		};
		5B2D96F529789CB8000B8B2B /* LaunchScreen.storyboard */ = {
			isa = PBXVariantGroup;
			children = (
				5B2D96F629789CB8000B8B2B /* Base */,
			);
			name = LaunchScreen.storyboard;
			sourceTree = "<group>";
		};
/* End PBXVariantGroup section */

/* Begin XCBuildConfiguration section */
		5B2D970F29789CB8000B8B2B /* Debug */ = {
			isa = XCBuildConfiguration;
			buildSettings = {
				ALWAYS_SEARCH_USER_PATHS = NO;
				CLANG_ANALYZER_NONNULL = YES;
				CLANG_ANALYZER_NUMBER_OBJECT_CONVERSION = YES_AGGRESSIVE;
				CLANG_CXX_LANGUAGE_STANDARD = "gnu++20";
				CLANG_ENABLE_MODULES = YES;
				CLANG_ENABLE_OBJC_ARC = YES;
				CLANG_ENABLE_OBJC_WEAK = YES;
				CLANG_WARN_BLOCK_CAPTURE_AUTORELEASING = YES;
				CLANG_WARN_BOOL_CONVERSION = YES;
				CLANG_WARN_COMMA = YES;
				CLANG_WARN_CONSTANT_CONVERSION = YES;
				CLANG_WARN_DEPRECATED_OBJC_IMPLEMENTATIONS = YES;
				CLANG_WARN_DIRECT_OBJC_ISA_USAGE = YES_ERROR;
				CLANG_WARN_DOCUMENTATION_COMMENTS = YES;
				CLANG_WARN_EMPTY_BODY = YES;
				CLANG_WARN_ENUM_CONVERSION = YES;
				CLANG_WARN_INFINITE_RECURSION = YES;
				CLANG_WARN_INT_CONVERSION = YES;
				CLANG_WARN_NON_LITERAL_NULL_CONVERSION = YES;
				CLANG_WARN_OBJC_IMPLICIT_RETAIN_SELF = YES;
				CLANG_WARN_OBJC_LITERAL_CONVERSION = YES;
				CLANG_WARN_OBJC_ROOT_CLASS = YES_ERROR;
				CLANG_WARN_QUOTED_INCLUDE_IN_FRAMEWORK_HEADER = YES;
				CLANG_WARN_RANGE_LOOP_ANALYSIS = YES;
				CLANG_WARN_STRICT_PROTOTYPES = YES;
				CLANG_WARN_SUSPICIOUS_MOVE = YES;
				CLANG_WARN_UNGUARDED_AVAILABILITY = YES_AGGRESSIVE;
				CLANG_WARN_UNREACHABLE_CODE = YES;
				CLANG_WARN__DUPLICATE_METHOD_MATCH = YES;
				COPY_PHASE_STRIP = NO;
				DEBUG_INFORMATION_FORMAT = dwarf;
				ENABLE_STRICT_OBJC_MSGSEND = YES;
				ENABLE_TESTABILITY = YES;
				GCC_C_LANGUAGE_STANDARD = gnu11;
				GCC_DYNAMIC_NO_PIC = NO;
				GCC_NO_COMMON_BLOCKS = YES;
				GCC_OPTIMIZATION_LEVEL = 0;
				GCC_PREPROCESSOR_DEFINITIONS = (
					"DEBUG=1",
					"$(inherited)",
				);
				GCC_WARN_64_TO_32_BIT_CONVERSION = YES;
				GCC_WARN_ABOUT_RETURN_TYPE = YES_ERROR;
				GCC_WARN_UNDECLARED_SELECTOR = YES;
				GCC_WARN_UNINITIALIZED_AUTOS = YES_AGGRESSIVE;
				GCC_WARN_UNUSED_FUNCTION = YES;
				GCC_WARN_UNUSED_VARIABLE = YES;
				IPHONEOS_DEPLOYMENT_TARGET = 16.0;
				MTL_ENABLE_DEBUG_INFO = INCLUDE_SOURCE;
				MTL_FAST_MATH = YES;
				ONLY_ACTIVE_ARCH = YES;
				SDKROOT = iphoneos;
				SWIFT_ACTIVE_COMPILATION_CONDITIONS = DEBUG;
				SWIFT_OPTIMIZATION_LEVEL = "-Onone";
			};
			name = Debug;
		};
		5B2D971029789CB8000B8B2B /* Release */ = {
			isa = XCBuildConfiguration;
			buildSettings = {
				ALWAYS_SEARCH_USER_PATHS = NO;
				CLANG_ANALYZER_NONNULL = YES;
				CLANG_ANALYZER_NUMBER_OBJECT_CONVERSION = YES_AGGRESSIVE;
				CLANG_CXX_LANGUAGE_STANDARD = "gnu++20";
				CLANG_ENABLE_MODULES = YES;
				CLANG_ENABLE_OBJC_ARC = YES;
				CLANG_ENABLE_OBJC_WEAK = YES;
				CLANG_WARN_BLOCK_CAPTURE_AUTORELEASING = YES;
				CLANG_WARN_BOOL_CONVERSION = YES;
				CLANG_WARN_COMMA = YES;
				CLANG_WARN_CONSTANT_CONVERSION = YES;
				CLANG_WARN_DEPRECATED_OBJC_IMPLEMENTATIONS = YES;
				CLANG_WARN_DIRECT_OBJC_ISA_USAGE = YES_ERROR;
				CLANG_WARN_DOCUMENTATION_COMMENTS = YES;
				CLANG_WARN_EMPTY_BODY = YES;
				CLANG_WARN_ENUM_CONVERSION = YES;
				CLANG_WARN_INFINITE_RECURSION = YES;
				CLANG_WARN_INT_CONVERSION = YES;
				CLANG_WARN_NON_LITERAL_NULL_CONVERSION = YES;
				CLANG_WARN_OBJC_IMPLICIT_RETAIN_SELF = YES;
				CLANG_WARN_OBJC_LITERAL_CONVERSION = YES;
				CLANG_WARN_OBJC_ROOT_CLASS = YES_ERROR;
				CLANG_WARN_QUOTED_INCLUDE_IN_FRAMEWORK_HEADER = YES;
				CLANG_WARN_RANGE_LOOP_ANALYSIS = YES;
				CLANG_WARN_STRICT_PROTOTYPES = YES;
				CLANG_WARN_SUSPICIOUS_MOVE = YES;
				CLANG_WARN_UNGUARDED_AVAILABILITY = YES_AGGRESSIVE;
				CLANG_WARN_UNREACHABLE_CODE = YES;
				CLANG_WARN__DUPLICATE_METHOD_MATCH = YES;
				COPY_PHASE_STRIP = NO;
				DEBUG_INFORMATION_FORMAT = "dwarf-with-dsym";
				ENABLE_NS_ASSERTIONS = NO;
				ENABLE_STRICT_OBJC_MSGSEND = YES;
				GCC_C_LANGUAGE_STANDARD = gnu11;
				GCC_NO_COMMON_BLOCKS = YES;
				GCC_WARN_64_TO_32_BIT_CONVERSION = YES;
				GCC_WARN_ABOUT_RETURN_TYPE = YES_ERROR;
				GCC_WARN_UNDECLARED_SELECTOR = YES;
				GCC_WARN_UNINITIALIZED_AUTOS = YES_AGGRESSIVE;
				GCC_WARN_UNUSED_FUNCTION = YES;
				GCC_WARN_UNUSED_VARIABLE = YES;
				IPHONEOS_DEPLOYMENT_TARGET = 16.0;
				MTL_ENABLE_DEBUG_INFO = NO;
				MTL_FAST_MATH = YES;
				SDKROOT = iphoneos;
				SWIFT_COMPILATION_MODE = wholemodule;
				SWIFT_OPTIMIZATION_LEVEL = "-O";
				VALIDATE_PRODUCT = YES;
			};
			name = Release;
		};
		5B2D971229789CB8000B8B2B /* Debug */ = {
			isa = XCBuildConfiguration;
			buildSettings = {
				ASSETCATALOG_COMPILER_APPICON_NAME = AppIcon;
				ASSETCATALOG_COMPILER_GLOBAL_ACCENT_COLOR_NAME = AccentColor;
				CODE_SIGN_STYLE = Automatic;
				CURRENT_PROJECT_VERSION = 1;
				GENERATE_INFOPLIST_FILE = YES;
				INFOPLIST_FILE = "20230118-HasnainKhan-NYCSchools/Info.plist";
				INFOPLIST_KEY_UIApplicationSupportsIndirectInputEvents = YES;
				INFOPLIST_KEY_UILaunchStoryboardName = LaunchScreen;
				INFOPLIST_KEY_UIMainStoryboardFile = Main;
				INFOPLIST_KEY_UISupportedInterfaceOrientations_iPad = "UIInterfaceOrientationPortrait UIInterfaceOrientationPortraitUpsideDown UIInterfaceOrientationLandscapeLeft UIInterfaceOrientationLandscapeRight";
				INFOPLIST_KEY_UISupportedInterfaceOrientations_iPhone = "UIInterfaceOrientationPortrait UIInterfaceOrientationLandscapeLeft UIInterfaceOrientationLandscapeRight";
				LD_RUNPATH_SEARCH_PATHS = (
					"$(inherited)",
					"@executable_path/Frameworks",
				);
				MARKETING_VERSION = 1.0;
				PRODUCT_BUNDLE_IDENTIFIER = "com.github.khasnain0.-0230118-HasnainKhan-NYCSchools";
				PRODUCT_NAME = "$(TARGET_NAME)";
				SWIFT_EMIT_LOC_STRINGS = YES;
				SWIFT_VERSION = 5.0;
				TARGETED_DEVICE_FAMILY = "1,2";
			};
			name = Debug;
		};
		5B2D971329789CB8000B8B2B /* Release */ = {
			isa = XCBuildConfiguration;
			buildSettings = {
				ASSETCATALOG_COMPILER_APPICON_NAME = AppIcon;
				ASSETCATALOG_COMPILER_GLOBAL_ACCENT_COLOR_NAME = AccentColor;
				CODE_SIGN_STYLE = Automatic;
				CURRENT_PROJECT_VERSION = 1;
				GENERATE_INFOPLIST_FILE = YES;
				INFOPLIST_FILE = "20230118-HasnainKhan-NYCSchools/Info.plist";
				INFOPLIST_KEY_UIApplicationSupportsIndirectInputEvents = YES;
				INFOPLIST_KEY_UILaunchStoryboardName = LaunchScreen;
				INFOPLIST_KEY_UIMainStoryboardFile = Main;
				INFOPLIST_KEY_UISupportedInterfaceOrientations_iPad = "UIInterfaceOrientationPortrait UIInterfaceOrientationPortraitUpsideDown UIInterfaceOrientationLandscapeLeft UIInterfaceOrientationLandscapeRight";
				INFOPLIST_KEY_UISupportedInterfaceOrientations_iPhone = "UIInterfaceOrientationPortrait UIInterfaceOrientationLandscapeLeft UIInterfaceOrientationLandscapeRight";
				LD_RUNPATH_SEARCH_PATHS = (
					"$(inherited)",
					"@executable_path/Frameworks",
				);
				MARKETING_VERSION = 1.0;
				PRODUCT_BUNDLE_IDENTIFIER = "com.github.khasnain0.-0230118-HasnainKhan-NYCSchools";
				PRODUCT_NAME = "$(TARGET_NAME)";
				SWIFT_EMIT_LOC_STRINGS = YES;
				SWIFT_VERSION = 5.0;
				TARGETED_DEVICE_FAMILY = "1,2";
			};
			name = Release;
		};
		5B2D971529789CB8000B8B2B /* Debug */ = {
			isa = XCBuildConfiguration;
			buildSettings = {
				ALWAYS_EMBED_SWIFT_STANDARD_LIBRARIES = YES;
				BUNDLE_LOADER = "$(TEST_HOST)";
				CODE_SIGN_STYLE = Automatic;
				CURRENT_PROJECT_VERSION = 1;
				GENERATE_INFOPLIST_FILE = YES;
				IPHONEOS_DEPLOYMENT_TARGET = 16.0;
				MARKETING_VERSION = 1.0;
				PRODUCT_BUNDLE_IDENTIFIER = "com.github.khasnain0.-0230118-HasnainKhan-NYCSchoolsTests";
				PRODUCT_NAME = "$(TARGET_NAME)";
				SWIFT_EMIT_LOC_STRINGS = NO;
				SWIFT_VERSION = 5.0;
				TARGETED_DEVICE_FAMILY = "1,2";
				TEST_HOST = "$(BUILT_PRODUCTS_DIR)/20230118-HasnainKhan-NYCSchools.app/$(BUNDLE_EXECUTABLE_FOLDER_PATH)/20230118-HasnainKhan-NYCSchools";
			};
			name = Debug;
		};
		5B2D971629789CB8000B8B2B /* Release */ = {
			isa = XCBuildConfiguration;
			buildSettings = {
				ALWAYS_EMBED_SWIFT_STANDARD_LIBRARIES = YES;
				BUNDLE_LOADER = "$(TEST_HOST)";
				CODE_SIGN_STYLE = Automatic;
				CURRENT_PROJECT_VERSION = 1;
				GENERATE_INFOPLIST_FILE = YES;
				IPHONEOS_DEPLOYMENT_TARGET = 16.0;
				MARKETING_VERSION = 1.0;
				PRODUCT_BUNDLE_IDENTIFIER = "com.github.khasnain0.-0230118-HasnainKhan-NYCSchoolsTests";
				PRODUCT_NAME = "$(TARGET_NAME)";
				SWIFT_EMIT_LOC_STRINGS = NO;
				SWIFT_VERSION = 5.0;
				TARGETED_DEVICE_FAMILY = "1,2";
				TEST_HOST = "$(BUILT_PRODUCTS_DIR)/20230118-HasnainKhan-NYCSchools.app/$(BUNDLE_EXECUTABLE_FOLDER_PATH)/20230118-HasnainKhan-NYCSchools";
			};
			name = Release;
		};
		5B2D971829789CB8000B8B2B /* Debug */ = {
			isa = XCBuildConfiguration;
			buildSettings = {
				ALWAYS_EMBED_SWIFT_STANDARD_LIBRARIES = YES;
				CODE_SIGN_STYLE = Automatic;
				CURRENT_PROJECT_VERSION = 1;
				GENERATE_INFOPLIST_FILE = YES;
				MARKETING_VERSION = 1.0;
				PRODUCT_BUNDLE_IDENTIFIER = "com.github.khasnain0.-0230118-HasnainKhan-NYCSchoolsUITests";
				PRODUCT_NAME = "$(TARGET_NAME)";
				SWIFT_EMIT_LOC_STRINGS = NO;
				SWIFT_VERSION = 5.0;
				TARGETED_DEVICE_FAMILY = "1,2";
				TEST_TARGET_NAME = "20230118-HasnainKhan-NYCSchools";
			};
			name = Debug;
		};
		5B2D971929789CB8000B8B2B /* Release */ = {
			isa = XCBuildConfiguration;
			buildSettings = {
				ALWAYS_EMBED_SWIFT_STANDARD_LIBRARIES = YES;
				CODE_SIGN_STYLE = Automatic;
				CURRENT_PROJECT_VERSION = 1;
				GENERATE_INFOPLIST_FILE = YES;
				MARKETING_VERSION = 1.0;
				PRODUCT_BUNDLE_IDENTIFIER = "com.github.khasnain0.-0230118-HasnainKhan-NYCSchoolsUITests";
				PRODUCT_NAME = "$(TARGET_NAME)";
				SWIFT_EMIT_LOC_STRINGS = NO;
				SWIFT_VERSION = 5.0;
				TARGETED_DEVICE_FAMILY = "1,2";
				TEST_TARGET_NAME = "20230118-HasnainKhan-NYCSchools";
			};
			name = Release;
		};
/* End XCBuildConfiguration section */

/* Begin XCConfigurationList section */
		5B2D96E229789CB7000B8B2B /* Build configuration list for PBXProject "20230118-HasnainKhan-NYCSchools" */ = {
			isa = XCConfigurationList;
			buildConfigurations = (
				5B2D970F29789CB8000B8B2B /* Debug */,
				5B2D971029789CB8000B8B2B /* Release */,
			);
			defaultConfigurationIsVisible = 0;
			defaultConfigurationName = Release;
		};
		5B2D971129789CB8000B8B2B /* Build configuration list for PBXNativeTarget "20230118-HasnainKhan-NYCSchools" */ = {
			isa = XCConfigurationList;
			buildConfigurations = (
				5B2D971229789CB8000B8B2B /* Debug */,
				5B2D971329789CB8000B8B2B /* Release */,
			);
			defaultConfigurationIsVisible = 0;
			defaultConfigurationName = Release;
		};
		5B2D971429789CB8000B8B2B /* Build configuration list for PBXNativeTarget "20230118-HasnainKhan-NYCSchoolsTests" */ = {
			isa = XCConfigurationList;
			buildConfigurations = (
				5B2D971529789CB8000B8B2B /* Debug */,
				5B2D971629789CB8000B8B2B /* Release */,
			);
			defaultConfigurationIsVisible = 0;
			defaultConfigurationName = Release;
		};
		5B2D971729789CB8000B8B2B /* Build configuration list for PBXNativeTarget "20230118-HasnainKhan-NYCSchoolsUITests" */ = {
			isa = XCConfigurationList;
			buildConfigurations = (
				5B2D971829789CB8000B8B2B /* Debug */,
				5B2D971929789CB8000B8B2B /* Release */,
			);
			defaultConfigurationIsVisible = 0;
			defaultConfigurationName = Release;
		};
/* End XCConfigurationList section */
	};
	rootObject = 5B2D96DF29789CB7000B8B2B /* Project object */;
}
