// !$*UTF8*$!
{
	archiveVersion = 1;
	classes = {
	};
	objectVersion = 55;
	objects = {

/* Begin PBXBuildFile section */
		5B096956297973CA008DBF75 /* SwiftyJSON.framework in Frameworks */ = {isa = PBXBuildFile; fileRef = 5B09694929797385008DBF75 /* SwiftyJSON.framework */; };
		5B096957297973CA008DBF75 /* SwiftyJSON.framework in Embed Frameworks */ = {isa = PBXBuildFile; fileRef = 5B09694929797385008DBF75 /* SwiftyJSON.framework */; settings = {ATTRIBUTES = (CodeSignOnCopy, RemoveHeadersOnCopy, ); }; };
		5B3867FC2979FE1200C2F107 /* HighSchool.swift in Sources */ = {isa = PBXBuildFile; fileRef = 5B3867FB2979FE1200C2F107 /* HighSchool.swift */; };
		5B386810297A48FF00C2F107 /* HighSchoolFactory.swift in Sources */ = {isa = PBXBuildFile; fileRef = 5B38680F297A48FF00C2F107 /* HighSchoolFactory.swift */; };
		5B4C573C297910990067D8E7 /* Client.swift in Sources */ = {isa = PBXBuildFile; fileRef = 5B4C573B297910990067D8E7 /* Client.swift */; };
		5B775B532978B18B00733ACC /* AppDelegate.swift in Sources */ = {isa = PBXBuildFile; fileRef = 5B775B522978B18B00733ACC /* AppDelegate.swift */; };
		5B775B552978B18B00733ACC /* SceneDelegate.swift in Sources */ = {isa = PBXBuildFile; fileRef = 5B775B542978B18B00733ACC /* SceneDelegate.swift */; };
		5B775B572978B18B00733ACC /* ViewController.swift in Sources */ = {isa = PBXBuildFile; fileRef = 5B775B562978B18B00733ACC /* ViewController.swift */; };
		5B775B5A2978B18B00733ACC /* Main.storyboard in Resources */ = {isa = PBXBuildFile; fileRef = 5B775B582978B18B00733ACC /* Main.storyboard */; };
		5B775B5C2978B18C00733ACC /* Assets.xcassets in Resources */ = {isa = PBXBuildFile; fileRef = 5B775B5B2978B18C00733ACC /* Assets.xcassets */; };
		5B775B5F2978B18C00733ACC /* LaunchScreen.storyboard in Resources */ = {isa = PBXBuildFile; fileRef = 5B775B5D2978B18C00733ACC /* LaunchScreen.storyboard */; };
		5B775B6A2978B18C00733ACC /* ClientTest.swift in Sources */ = {isa = PBXBuildFile; fileRef = 5B775B692978B18C00733ACC /* ClientTest.swift */; };
		5B775BE72978BEBE00733ACC /* Alamofire.framework in Frameworks */ = {isa = PBXBuildFile; fileRef = 5B775BD72978BE9F00733ACC /* Alamofire.framework */; };
		5B775BE82978BEBE00733ACC /* Alamofire.framework in Embed Frameworks */ = {isa = PBXBuildFile; fileRef = 5B775BD72978BE9F00733ACC /* Alamofire.framework */; settings = {ATTRIBUTES = (CodeSignOnCopy, RemoveHeadersOnCopy, ); }; };
		5B775BFA2978DDEF00733ACC /* ViewLaunchTest.swift in Sources */ = {isa = PBXBuildFile; fileRef = 5B775B752978B18C00733ACC /* ViewLaunchTest.swift */; };
		5B775BFB2978DDF400733ACC /* ViewTest.swift in Sources */ = {isa = PBXBuildFile; fileRef = 5B775B732978B18C00733ACC /* ViewTest.swift */; };
/* End PBXBuildFile section */

/* Begin PBXContainerItemProxy section */
		5B09694829797385008DBF75 /* PBXContainerItemProxy */ = {
			isa = PBXContainerItemProxy;
			containerPortal = 5B09693529797385008DBF75 /* SwiftyJSON.xcodeproj */;
			proxyType = 2;
			remoteGlobalIDString = 2E4FEFDB19575BE100351305;
			remoteInfo = "SwiftyJSON iOS";
		};
		5B09694A29797385008DBF75 /* PBXContainerItemProxy */ = {
			isa = PBXContainerItemProxy;
			containerPortal = 5B09693529797385008DBF75 /* SwiftyJSON.xcodeproj */;
			proxyType = 2;
			remoteGlobalIDString = 2E4FEFE619575BE100351305;
			remoteInfo = "SwiftyJSON iOS Tests";
		};
		5B09694C29797385008DBF75 /* PBXContainerItemProxy */ = {
			isa = PBXContainerItemProxy;
			containerPortal = 5B09693529797385008DBF75 /* SwiftyJSON.xcodeproj */;
			proxyType = 2;
			remoteGlobalIDString = 9C7DFC5B1A9102BD005AA3F7;
			remoteInfo = "SwiftyJSON macOS";
		};
		5B09694E29797385008DBF75 /* PBXContainerItemProxy */ = {
			isa = PBXContainerItemProxy;
			containerPortal = 5B09693529797385008DBF75 /* SwiftyJSON.xcodeproj */;
			proxyType = 2;
			remoteGlobalIDString = 9C7DFC651A9102BD005AA3F7;
			remoteInfo = "SwiftyJSON macOS Tests";
		};
		5B09695029797385008DBF75 /* PBXContainerItemProxy */ = {
			isa = PBXContainerItemProxy;
			containerPortal = 5B09693529797385008DBF75 /* SwiftyJSON.xcodeproj */;
			proxyType = 2;
			remoteGlobalIDString = E4D7CCE81B9465A700EE7221;
			remoteInfo = "SwiftyJSON watchOS";
		};
		5B09695229797385008DBF75 /* PBXContainerItemProxy */ = {
			isa = PBXContainerItemProxy;
			containerPortal = 5B09693529797385008DBF75 /* SwiftyJSON.xcodeproj */;
			proxyType = 2;
			remoteGlobalIDString = 7236B4F61BAC14150020529B;
			remoteInfo = "SwiftyJSON tvOS";
		};
		5B09695429797385008DBF75 /* PBXContainerItemProxy */ = {
			isa = PBXContainerItemProxy;
			containerPortal = 5B09693529797385008DBF75 /* SwiftyJSON.xcodeproj */;
			proxyType = 2;
			remoteGlobalIDString = A8580F741BCF5C5B00DA927B;
			remoteInfo = "SwiftyJSON tvOS Tests";
		};
		5B775B662978B18C00733ACC /* PBXContainerItemProxy */ = {
			isa = PBXContainerItemProxy;
			containerPortal = 5B775B472978B18B00733ACC /* Project object */;
			proxyType = 1;
			remoteGlobalIDString = 5B775B4E2978B18B00733ACC;
			remoteInfo = "20230118-HasnainKhan-NYCSchools";
		};
		5B775B702978B18C00733ACC /* PBXContainerItemProxy */ = {
			isa = PBXContainerItemProxy;
			containerPortal = 5B775B472978B18B00733ACC /* Project object */;
			proxyType = 1;
			remoteGlobalIDString = 5B775B4E2978B18B00733ACC;
			remoteInfo = "20230118-HasnainKhan-NYCSchools";
		};
		5B775BD62978BE9F00733ACC /* PBXContainerItemProxy */ = {
			isa = PBXContainerItemProxy;
			containerPortal = 5B775BCB2978BE9F00733ACC /* Alamofire.xcodeproj */;
			proxyType = 2;
			remoteGlobalIDString = F8111E3319A95C8B0040E7D1;
			remoteInfo = "Alamofire iOS";
		};
		5B775BD82978BE9F00733ACC /* PBXContainerItemProxy */ = {
			isa = PBXContainerItemProxy;
			containerPortal = 5B775BCB2978BE9F00733ACC /* Alamofire.xcodeproj */;
			proxyType = 2;
			remoteGlobalIDString = F8111E3E19A95C8B0040E7D1;
			remoteInfo = "Alamofire iOS Tests";
		};
		5B775BDA2978BE9F00733ACC /* PBXContainerItemProxy */ = {
			isa = PBXContainerItemProxy;
			containerPortal = 5B775BCB2978BE9F00733ACC /* Alamofire.xcodeproj */;
			proxyType = 2;
			remoteGlobalIDString = 4DD67C0B1A5C55C900ED2280;
			remoteInfo = "Alamofire macOS";
		};
		5B775BDC2978BE9F00733ACC /* PBXContainerItemProxy */ = {
			isa = PBXContainerItemProxy;
			containerPortal = 5B775BCB2978BE9F00733ACC /* Alamofire.xcodeproj */;
			proxyType = 2;
			remoteGlobalIDString = F829C6B21A7A94F100A2CD59;
			remoteInfo = "Alamofire macOS Tests";
		};
		5B775BDE2978BE9F00733ACC /* PBXContainerItemProxy */ = {
			isa = PBXContainerItemProxy;
			containerPortal = 5B775BCB2978BE9F00733ACC /* Alamofire.xcodeproj */;
			proxyType = 2;
			remoteGlobalIDString = 4CF626EF1BA7CB3E0011A099;
			remoteInfo = "Alamofire tvOS";
		};
		5B775BE02978BE9F00733ACC /* PBXContainerItemProxy */ = {
			isa = PBXContainerItemProxy;
			containerPortal = 5B775BCB2978BE9F00733ACC /* Alamofire.xcodeproj */;
			proxyType = 2;
			remoteGlobalIDString = 4CF626F81BA7CB3E0011A099;
			remoteInfo = "Alamofire tvOS Tests";
		};
		5B775BE22978BE9F00733ACC /* PBXContainerItemProxy */ = {
			isa = PBXContainerItemProxy;
			containerPortal = 5B775BCB2978BE9F00733ACC /* Alamofire.xcodeproj */;
			proxyType = 2;
			remoteGlobalIDString = E4202FE01B667AA100C997FB;
			remoteInfo = "Alamofire watchOS";
		};
		5B775BE42978BE9F00733ACC /* PBXContainerItemProxy */ = {
			isa = PBXContainerItemProxy;
			containerPortal = 5B775BCB2978BE9F00733ACC /* Alamofire.xcodeproj */;
			proxyType = 2;
			remoteGlobalIDString = 31293065263E17D600473CEA;
			remoteInfo = "Alamofire watchOS Tests";
		};
/* End PBXContainerItemProxy section */

/* Begin PBXCopyFilesBuildPhase section */
		5B775BA52978B76100733ACC /* Embed Frameworks */ = {
			isa = PBXCopyFilesBuildPhase;
			buildActionMask = 2147483647;
			dstPath = "";
			dstSubfolderSpec = 10;
			files = (
				5B096957297973CA008DBF75 /* SwiftyJSON.framework in Embed Frameworks */,
				5B775BE82978BEBE00733ACC /* Alamofire.framework in Embed Frameworks */,
			);
			name = "Embed Frameworks";
			runOnlyForDeploymentPostprocessing = 0;
		};
/* End PBXCopyFilesBuildPhase section */

/* Begin PBXFileReference section */
		5B09693529797385008DBF75 /* SwiftyJSON.xcodeproj */ = {isa = PBXFileReference; lastKnownFileType = "wrapper.pb-project"; name = SwiftyJSON.xcodeproj; path = SwiftyJSON/SwiftyJSON.xcodeproj; sourceTree = "<group>"; };
		5B3867FB2979FE1200C2F107 /* HighSchool.swift */ = {isa = PBXFileReference; lastKnownFileType = sourcecode.swift; path = HighSchool.swift; sourceTree = "<group>"; };
		5B38680F297A48FF00C2F107 /* HighSchoolFactory.swift */ = {isa = PBXFileReference; lastKnownFileType = sourcecode.swift; path = HighSchoolFactory.swift; sourceTree = "<group>"; };
		5B4C5732297902E00067D8E7 /* 20230118-HasnainKhan-NYCSchools.app */ = {isa = PBXFileReference; explicitFileType = wrapper.application; includeInIndex = 0; path = "20230118-HasnainKhan-NYCSchools.app"; sourceTree = BUILT_PRODUCTS_DIR; };
		5B4C573B297910990067D8E7 /* Client.swift */ = {isa = PBXFileReference; lastKnownFileType = sourcecode.swift; path = Client.swift; sourceTree = "<group>"; };
		5B775B522978B18B00733ACC /* AppDelegate.swift */ = {isa = PBXFileReference; lastKnownFileType = sourcecode.swift; path = AppDelegate.swift; sourceTree = "<group>"; };
		5B775B542978B18B00733ACC /* SceneDelegate.swift */ = {isa = PBXFileReference; lastKnownFileType = sourcecode.swift; path = SceneDelegate.swift; sourceTree = "<group>"; };
		5B775B562978B18B00733ACC /* ViewController.swift */ = {isa = PBXFileReference; lastKnownFileType = sourcecode.swift; path = ViewController.swift; sourceTree = "<group>"; };
		5B775B592978B18B00733ACC /* Base */ = {isa = PBXFileReference; lastKnownFileType = file.storyboard; name = Base; path = Base.lproj/Main.storyboard; sourceTree = "<group>"; };
		5B775B5B2978B18C00733ACC /* Assets.xcassets */ = {isa = PBXFileReference; lastKnownFileType = folder.assetcatalog; path = Assets.xcassets; sourceTree = "<group>"; };
		5B775B5E2978B18C00733ACC /* Base */ = {isa = PBXFileReference; lastKnownFileType = file.storyboard; name = Base; path = Base.lproj/LaunchScreen.storyboard; sourceTree = "<group>"; };
		5B775B602978B18C00733ACC /* Info.plist */ = {isa = PBXFileReference; lastKnownFileType = text.plist.xml; path = Info.plist; sourceTree = "<group>"; };
		5B775B692978B18C00733ACC /* ClientTest.swift */ = {isa = PBXFileReference; lastKnownFileType = sourcecode.swift; path = ClientTest.swift; sourceTree = "<group>"; };
		5B775B732978B18C00733ACC /* ViewTest.swift */ = {isa = PBXFileReference; lastKnownFileType = sourcecode.swift; path = ViewTest.swift; sourceTree = "<group>"; };
		5B775B752978B18C00733ACC /* ViewLaunchTest.swift */ = {isa = PBXFileReference; lastKnownFileType = sourcecode.swift; path = ViewLaunchTest.swift; sourceTree = "<group>"; };
		5B775BCB2978BE9F00733ACC /* Alamofire.xcodeproj */ = {isa = PBXFileReference; lastKnownFileType = "wrapper.pb-project"; name = Alamofire.xcodeproj; path = Alamofire/Alamofire.xcodeproj; sourceTree = "<group>"; };
		5B775BF82978DBB400733ACC /* 20230118-HasnainKhan-NYCSchoolsTests.xctest */ = {isa = PBXFileReference; explicitFileType = wrapper.cfbundle; includeInIndex = 0; path = "20230118-HasnainKhan-NYCSchoolsTests.xctest"; sourceTree = BUILT_PRODUCTS_DIR; };
		5B775BF92978DBBD00733ACC /* 20230118-HasnainKhan-NYCSchoolsUITests.xctest */ = {isa = PBXFileReference; explicitFileType = wrapper.cfbundle; includeInIndex = 0; path = "20230118-HasnainKhan-NYCSchoolsUITests.xctest"; sourceTree = BUILT_PRODUCTS_DIR; };
/* End PBXFileReference section */

/* Begin PBXFrameworksBuildPhase section */
		5B775B4C2978B18B00733ACC /* Frameworks */ = {
			isa = PBXFrameworksBuildPhase;
			buildActionMask = 2147483647;
			files = (
				5B096956297973CA008DBF75 /* SwiftyJSON.framework in Frameworks */,
				5B775BE72978BEBE00733ACC /* Alamofire.framework in Frameworks */,
			);
			runOnlyForDeploymentPostprocessing = 0;
		};
		5B775B622978B18C00733ACC /* Frameworks */ = {
			isa = PBXFrameworksBuildPhase;
			buildActionMask = 2147483647;
			files = (
			);
			runOnlyForDeploymentPostprocessing = 0;
		};
		5B775B6C2978B18C00733ACC /* Frameworks */ = {
			isa = PBXFrameworksBuildPhase;
			buildActionMask = 2147483647;
			files = (
			);
			runOnlyForDeploymentPostprocessing = 0;
		};
/* End PBXFrameworksBuildPhase section */

/* Begin PBXGroup section */
		5B09693629797385008DBF75 /* Products */ = {
			isa = PBXGroup;
			children = (
				5B09694929797385008DBF75 /* SwiftyJSON.framework */,
				5B09694B29797385008DBF75 /* SwiftyJSON iOS Tests.xctest */,
				5B09694D29797385008DBF75 /* SwiftyJSON.framework */,
				5B09694F29797385008DBF75 /* SwiftyJSON macOS Tests.xctest */,
				5B09695129797385008DBF75 /* SwiftyJSON.framework */,
				5B09695329797385008DBF75 /* SwiftyJSON.framework */,
				5B09695529797385008DBF75 /* SwiftyJSON tvOS Tests.xctest */,
			);
			name = Products;
			sourceTree = "<group>";
		};
		5B775B462978B18B00733ACC = {
			isa = PBXGroup;
			children = (
				5B09693529797385008DBF75 /* SwiftyJSON.xcodeproj */,
				5B775BCB2978BE9F00733ACC /* Alamofire.xcodeproj */,
				5B775B862978B4FA00733ACC /* Tests */,
				5B775B512978B18B00733ACC /* Application */,
				5B775BE62978BEBE00733ACC /* Frameworks */,
				5B775BF82978DBB400733ACC /* 20230118-HasnainKhan-NYCSchoolsTests.xctest */,
				5B775BF92978DBBD00733ACC /* 20230118-HasnainKhan-NYCSchoolsUITests.xctest */,
				5B4C5732297902E00067D8E7 /* 20230118-HasnainKhan-NYCSchools.app */,
			);
			sourceTree = "<group>";
		};
		5B775B512978B18B00733ACC /* Application */ = {
			isa = PBXGroup;
			children = (
				5B775B852978B45500733ACC /* Assets */,
				5B775B842978B44100733ACC /* Controller */,
				5B775B832978B43B00733ACC /* View */,
				5B775B822978B42C00733ACC /* Model */,
			);
			path = Application;
			sourceTree = "<group>";
		};
		5B775B682978B18C00733ACC /* ModelTests */ = {
			isa = PBXGroup;
			children = (
				5B775B692978B18C00733ACC /* ClientTest.swift */,
			);
			path = ModelTests;
			sourceTree = "<group>";
		};
		5B775B722978B18C00733ACC /* UITests */ = {
			isa = PBXGroup;
			children = (
				5B775B732978B18C00733ACC /* ViewTest.swift */,
				5B775B752978B18C00733ACC /* ViewLaunchTest.swift */,
			);
			path = UITests;
			sourceTree = "<group>";
		};
		5B775B822978B42C00733ACC /* Model */ = {
			isa = PBXGroup;
			children = (
				5B775B522978B18B00733ACC /* AppDelegate.swift */,
				5B4C573B297910990067D8E7 /* Client.swift */,
				5B3867FB2979FE1200C2F107 /* HighSchool.swift */,
				5B38680F297A48FF00C2F107 /* HighSchoolFactory.swift */,
			);
			path = Model;
			sourceTree = "<group>";
		};
		5B775B832978B43B00733ACC /* View */ = {
			isa = PBXGroup;
			children = (
				5B775B542978B18B00733ACC /* SceneDelegate.swift */,
			);
			path = View;
			sourceTree = "<group>";
		};
		5B775B842978B44100733ACC /* Controller */ = {
			isa = PBXGroup;
			children = (
				5B775B562978B18B00733ACC /* ViewController.swift */,
			);
			path = Controller;
			sourceTree = "<group>";
		};
		5B775B852978B45500733ACC /* Assets */ = {
			isa = PBXGroup;
			children = (
				5B775B582978B18B00733ACC /* Main.storyboard */,
				5B775B5B2978B18C00733ACC /* Assets.xcassets */,
				5B775B5D2978B18C00733ACC /* LaunchScreen.storyboard */,
				5B775B602978B18C00733ACC /* Info.plist */,
			);
			path = Assets;
			sourceTree = "<group>";
		};
		5B775B862978B4FA00733ACC /* Tests */ = {
			isa = PBXGroup;
			children = (
				5B775B722978B18C00733ACC /* UITests */,
				5B775B682978B18C00733ACC /* ModelTests */,
			);
			path = Tests;
			sourceTree = "<group>";
		};
		5B775BCC2978BE9F00733ACC /* Products */ = {
			isa = PBXGroup;
			children = (
				5B775BD72978BE9F00733ACC /* Alamofire.framework */,
				5B775BD92978BE9F00733ACC /* Alamofire iOS Tests.xctest */,
				5B775BDB2978BE9F00733ACC /* Alamofire.framework */,
				5B775BDD2978BE9F00733ACC /* Alamofire macOS Tests.xctest */,
				5B775BDF2978BE9F00733ACC /* Alamofire.framework */,
				5B775BE12978BE9F00733ACC /* Alamofire tvOS Tests.xctest */,
				5B775BE32978BE9F00733ACC /* Alamofire.framework */,
				5B775BE52978BE9F00733ACC /* Alamofire watchOS Tests.xctest */,
			);
			name = Products;
			sourceTree = "<group>";
		};
		5B775BE62978BEBE00733ACC /* Frameworks */ = {
			isa = PBXGroup;
			children = (
			);
			name = Frameworks;
			sourceTree = "<group>";
		};
/* End PBXGroup section */

/* Begin PBXNativeTarget section */
		5B775B4E2978B18B00733ACC /* 20230118-HasnainKhan-NYCSchools */ = {
			isa = PBXNativeTarget;
			buildConfigurationList = 5B775B792978B18C00733ACC /* Build configuration list for PBXNativeTarget "20230118-HasnainKhan-NYCSchools" */;
			buildPhases = (
				5B775B4B2978B18B00733ACC /* Sources */,
				5B775B4C2978B18B00733ACC /* Frameworks */,
				5B775B4D2978B18B00733ACC /* Resources */,
				5B775BA52978B76100733ACC /* Embed Frameworks */,
			);
			buildRules = (
			);
			dependencies = (
			);
			name = "20230118-HasnainKhan-NYCSchools";
			packageProductDependencies = (
			);
			productName = "20230118-HasnainKhan-NYCSchools";
			productReference = 5B4C5732297902E00067D8E7 /* 20230118-HasnainKhan-NYCSchools.app */;
			productType = "com.apple.product-type.application";
		};
		5B775B642978B18C00733ACC /* 20230118-HasnainKhan-NYCSchoolsTests */ = {
			isa = PBXNativeTarget;
			buildConfigurationList = 5B775B7C2978B18C00733ACC /* Build configuration list for PBXNativeTarget "20230118-HasnainKhan-NYCSchoolsTests" */;
			buildPhases = (
				5B775B612978B18C00733ACC /* Sources */,
				5B775B622978B18C00733ACC /* Frameworks */,
				5B775B632978B18C00733ACC /* Resources */,
			);
			buildRules = (
			);
			dependencies = (
				5B775B672978B18C00733ACC /* PBXTargetDependency */,
			);
			name = "20230118-HasnainKhan-NYCSchoolsTests";
			productName = "20230118-HasnainKhan-NYCSchoolsTests";
			productReference = 5B775BF82978DBB400733ACC /* 20230118-HasnainKhan-NYCSchoolsTests.xctest */;
			productType = "com.apple.product-type.bundle.unit-test";
		};
		5B775B6E2978B18C00733ACC /* 20230118-HasnainKhan-NYCSchoolsUITests */ = {
			isa = PBXNativeTarget;
			buildConfigurationList = 5B775B7F2978B18C00733ACC /* Build configuration list for PBXNativeTarget "20230118-HasnainKhan-NYCSchoolsUITests" */;
			buildPhases = (
				5B775B6B2978B18C00733ACC /* Sources */,
				5B775B6C2978B18C00733ACC /* Frameworks */,
				5B775B6D2978B18C00733ACC /* Resources */,
			);
			buildRules = (
			);
			dependencies = (
				5B775B712978B18C00733ACC /* PBXTargetDependency */,
			);
			name = "20230118-HasnainKhan-NYCSchoolsUITests";
			productName = "20230118-HasnainKhan-NYCSchoolsUITests";
			productReference = 5B775BF92978DBBD00733ACC /* 20230118-HasnainKhan-NYCSchoolsUITests.xctest */;
			productType = "com.apple.product-type.bundle.ui-testing";
		};
/* End PBXNativeTarget section */

/* Begin PBXProject section */
		5B775B472978B18B00733ACC /* Project object */ = {
			isa = PBXProject;
			attributes = {
				BuildIndependentTargetsInParallel = 1;
				LastSwiftUpdateCheck = 1400;
				LastUpgradeCheck = 1400;
				TargetAttributes = {
					5B775B4E2978B18B00733ACC = {
						CreatedOnToolsVersion = 14.0;
					};
					5B775B642978B18C00733ACC = {
						CreatedOnToolsVersion = 14.0;
						TestTargetID = 5B775B4E2978B18B00733ACC;
					};
					5B775B6E2978B18C00733ACC = {
						CreatedOnToolsVersion = 14.0;
						TestTargetID = 5B775B4E2978B18B00733ACC;
					};
				};
			};
			buildConfigurationList = 5B775B4A2978B18B00733ACC /* Build configuration list for PBXProject "20230118-HasnainKhan-NYCSchools" */;
			compatibilityVersion = "Xcode 13.0";
			developmentRegion = en;
			hasScannedForEncodings = 0;
			knownRegions = (
				en,
				Base,
			);
			mainGroup = 5B775B462978B18B00733ACC;
			productRefGroup = 5B775B462978B18B00733ACC;
			projectDirPath = "";
			projectReferences = (
				{
					ProductGroup = 5B775BCC2978BE9F00733ACC /* Products */;
					ProjectRef = 5B775BCB2978BE9F00733ACC /* Alamofire.xcodeproj */;
				},
				{
					ProductGroup = 5B09693629797385008DBF75 /* Products */;
					ProjectRef = 5B09693529797385008DBF75 /* SwiftyJSON.xcodeproj */;
				},
			);
			projectRoot = "";
			targets = (
				5B775B4E2978B18B00733ACC /* 20230118-HasnainKhan-NYCSchools */,
				5B775B642978B18C00733ACC /* 20230118-HasnainKhan-NYCSchoolsTests */,
				5B775B6E2978B18C00733ACC /* 20230118-HasnainKhan-NYCSchoolsUITests */,
			);
		};
/* End PBXProject section */

/* Begin PBXReferenceProxy section */
		5B09694929797385008DBF75 /* SwiftyJSON.framework */ = {
			isa = PBXReferenceProxy;
			fileType = wrapper.framework;
			path = SwiftyJSON.framework;
			remoteRef = 5B09694829797385008DBF75 /* PBXContainerItemProxy */;
			sourceTree = BUILT_PRODUCTS_DIR;
		};
		5B09694B29797385008DBF75 /* SwiftyJSON iOS Tests.xctest */ = {
			isa = PBXReferenceProxy;
			fileType = wrapper.cfbundle;
			path = "SwiftyJSON iOS Tests.xctest";
			remoteRef = 5B09694A29797385008DBF75 /* PBXContainerItemProxy */;
			sourceTree = BUILT_PRODUCTS_DIR;
		};
		5B09694D29797385008DBF75 /* SwiftyJSON.framework */ = {
			isa = PBXReferenceProxy;
			fileType = wrapper.framework;
			path = SwiftyJSON.framework;
			remoteRef = 5B09694C29797385008DBF75 /* PBXContainerItemProxy */;
			sourceTree = BUILT_PRODUCTS_DIR;
		};
		5B09694F29797385008DBF75 /* SwiftyJSON macOS Tests.xctest */ = {
			isa = PBXReferenceProxy;
			fileType = wrapper.cfbundle;
			path = "SwiftyJSON macOS Tests.xctest";
			remoteRef = 5B09694E29797385008DBF75 /* PBXContainerItemProxy */;
			sourceTree = BUILT_PRODUCTS_DIR;
		};
		5B09695129797385008DBF75 /* SwiftyJSON.framework */ = {
			isa = PBXReferenceProxy;
			fileType = wrapper.framework;
			path = SwiftyJSON.framework;
			remoteRef = 5B09695029797385008DBF75 /* PBXContainerItemProxy */;
			sourceTree = BUILT_PRODUCTS_DIR;
		};
		5B09695329797385008DBF75 /* SwiftyJSON.framework */ = {
			isa = PBXReferenceProxy;
			fileType = wrapper.framework;
			path = SwiftyJSON.framework;
			remoteRef = 5B09695229797385008DBF75 /* PBXContainerItemProxy */;
			sourceTree = BUILT_PRODUCTS_DIR;
		};
		5B09695529797385008DBF75 /* SwiftyJSON tvOS Tests.xctest */ = {
			isa = PBXReferenceProxy;
			fileType = wrapper.cfbundle;
			path = "SwiftyJSON tvOS Tests.xctest";
			remoteRef = 5B09695429797385008DBF75 /* PBXContainerItemProxy */;
			sourceTree = BUILT_PRODUCTS_DIR;
		};
		5B775BD72978BE9F00733ACC /* Alamofire.framework */ = {
			isa = PBXReferenceProxy;
			fileType = wrapper.framework;
			path = Alamofire.framework;
			remoteRef = 5B775BD62978BE9F00733ACC /* PBXContainerItemProxy */;
			sourceTree = BUILT_PRODUCTS_DIR;
		};
		5B775BD92978BE9F00733ACC /* Alamofire iOS Tests.xctest */ = {
			isa = PBXReferenceProxy;
			fileType = wrapper.cfbundle;
			path = "Alamofire iOS Tests.xctest";
			remoteRef = 5B775BD82978BE9F00733ACC /* PBXContainerItemProxy */;
			sourceTree = BUILT_PRODUCTS_DIR;
		};
		5B775BDB2978BE9F00733ACC /* Alamofire.framework */ = {
			isa = PBXReferenceProxy;
			fileType = wrapper.framework;
			path = Alamofire.framework;
			remoteRef = 5B775BDA2978BE9F00733ACC /* PBXContainerItemProxy */;
			sourceTree = BUILT_PRODUCTS_DIR;
		};
		5B775BDD2978BE9F00733ACC /* Alamofire macOS Tests.xctest */ = {
			isa = PBXReferenceProxy;
			fileType = wrapper.cfbundle;
			path = "Alamofire macOS Tests.xctest";
			remoteRef = 5B775BDC2978BE9F00733ACC /* PBXContainerItemProxy */;
			sourceTree = BUILT_PRODUCTS_DIR;
		};
		5B775BDF2978BE9F00733ACC /* Alamofire.framework */ = {
			isa = PBXReferenceProxy;
			fileType = wrapper.framework;
			path = Alamofire.framework;
			remoteRef = 5B775BDE2978BE9F00733ACC /* PBXContainerItemProxy */;
			sourceTree = BUILT_PRODUCTS_DIR;
		};
		5B775BE12978BE9F00733ACC /* Alamofire tvOS Tests.xctest */ = {
			isa = PBXReferenceProxy;
			fileType = wrapper.cfbundle;
			path = "Alamofire tvOS Tests.xctest";
			remoteRef = 5B775BE02978BE9F00733ACC /* PBXContainerItemProxy */;
			sourceTree = BUILT_PRODUCTS_DIR;
		};
		5B775BE32978BE9F00733ACC /* Alamofire.framework */ = {
			isa = PBXReferenceProxy;
			fileType = wrapper.framework;
			path = Alamofire.framework;
			remoteRef = 5B775BE22978BE9F00733ACC /* PBXContainerItemProxy */;
			sourceTree = BUILT_PRODUCTS_DIR;
		};
		5B775BE52978BE9F00733ACC /* Alamofire watchOS Tests.xctest */ = {
			isa = PBXReferenceProxy;
			fileType = wrapper.cfbundle;
			path = "Alamofire watchOS Tests.xctest";
			remoteRef = 5B775BE42978BE9F00733ACC /* PBXContainerItemProxy */;
			sourceTree = BUILT_PRODUCTS_DIR;
		};
/* End PBXReferenceProxy section */

/* Begin PBXResourcesBuildPhase section */
		5B775B4D2978B18B00733ACC /* Resources */ = {
			isa = PBXResourcesBuildPhase;
			buildActionMask = 2147483647;
			files = (
				5B775B5F2978B18C00733ACC /* LaunchScreen.storyboard in Resources */,
				5B775B5C2978B18C00733ACC /* Assets.xcassets in Resources */,
				5B775B5A2978B18B00733ACC /* Main.storyboard in Resources */,
			);
			runOnlyForDeploymentPostprocessing = 0;
		};
		5B775B632978B18C00733ACC /* Resources */ = {
			isa = PBXResourcesBuildPhase;
			buildActionMask = 2147483647;
			files = (
			);
			runOnlyForDeploymentPostprocessing = 0;
		};
		5B775B6D2978B18C00733ACC /* Resources */ = {
			isa = PBXResourcesBuildPhase;
			buildActionMask = 2147483647;
			files = (
			);
			runOnlyForDeploymentPostprocessing = 0;
		};
/* End PBXResourcesBuildPhase section */

/* Begin PBXSourcesBuildPhase section */
		5B775B4B2978B18B00733ACC /* Sources */ = {
			isa = PBXSourcesBuildPhase;
			buildActionMask = 2147483647;
			files = (
				5B775B572978B18B00733ACC /* ViewController.swift in Sources */,
				5B386810297A48FF00C2F107 /* HighSchoolFactory.swift in Sources */,
				5B775B532978B18B00733ACC /* AppDelegate.swift in Sources */,
				5B4C573C297910990067D8E7 /* Client.swift in Sources */,
				5B775B552978B18B00733ACC /* SceneDelegate.swift in Sources */,
				5B3867FC2979FE1200C2F107 /* HighSchool.swift in Sources */,
			);
			runOnlyForDeploymentPostprocessing = 0;
		};
		5B775B612978B18C00733ACC /* Sources */ = {
			isa = PBXSourcesBuildPhase;
			buildActionMask = 2147483647;
			files = (
				5B775B6A2978B18C00733ACC /* ClientTest.swift in Sources */,
			);
			runOnlyForDeploymentPostprocessing = 0;
		};
		5B775B6B2978B18C00733ACC /* Sources */ = {
			isa = PBXSourcesBuildPhase;
			buildActionMask = 2147483647;
			files = (
				5B775BFB2978DDF400733ACC /* ViewTest.swift in Sources */,
				5B775BFA2978DDEF00733ACC /* ViewLaunchTest.swift in Sources */,
			);
			runOnlyForDeploymentPostprocessing = 0;
		};
/* End PBXSourcesBuildPhase section */

/* Begin PBXTargetDependency section */
		5B775B672978B18C00733ACC /* PBXTargetDependency */ = {
			isa = PBXTargetDependency;
			target = 5B775B4E2978B18B00733ACC /* 20230118-HasnainKhan-NYCSchools */;
			targetProxy = 5B775B662978B18C00733ACC /* PBXContainerItemProxy */;
		};
		5B775B712978B18C00733ACC /* PBXTargetDependency */ = {
			isa = PBXTargetDependency;
			target = 5B775B4E2978B18B00733ACC /* 20230118-HasnainKhan-NYCSchools */;
			targetProxy = 5B775B702978B18C00733ACC /* PBXContainerItemProxy */;
		};
/* End PBXTargetDependency section */

/* Begin PBXVariantGroup section */
		5B775B582978B18B00733ACC /* Main.storyboard */ = {
			isa = PBXVariantGroup;
			children = (
				5B775B592978B18B00733ACC /* Base */,
			);
			name = Main.storyboard;
			sourceTree = "<group>";
		};
		5B775B5D2978B18C00733ACC /* LaunchScreen.storyboard */ = {
			isa = PBXVariantGroup;
			children = (
				5B775B5E2978B18C00733ACC /* Base */,
			);
			name = LaunchScreen.storyboard;
			sourceTree = "<group>";
		};
/* End PBXVariantGroup section */

/* Begin XCBuildConfiguration section */
		5B775B772978B18C00733ACC /* Debug */ = {
			isa = XCBuildConfiguration;
			buildSettings = {
				ALWAYS_SEARCH_USER_PATHS = NO;
				CLANG_ANALYZER_NONNULL = YES;
				CLANG_ANALYZER_NUMBER_OBJECT_CONVERSION = YES_AGGRESSIVE;
				CLANG_CXX_LANGUAGE_STANDARD = "gnu++20";
				CLANG_ENABLE_MODULES = YES;
				CLANG_ENABLE_OBJC_ARC = YES;
				CLANG_ENABLE_OBJC_WEAK = YES;
				CLANG_WARN_BLOCK_CAPTURE_AUTORELEASING = YES;
				CLANG_WARN_BOOL_CONVERSION = YES;
				CLANG_WARN_COMMA = YES;
				CLANG_WARN_CONSTANT_CONVERSION = YES;
				CLANG_WARN_DEPRECATED_OBJC_IMPLEMENTATIONS = YES;
				CLANG_WARN_DIRECT_OBJC_ISA_USAGE = YES_ERROR;
				CLANG_WARN_DOCUMENTATION_COMMENTS = YES;
				CLANG_WARN_EMPTY_BODY = YES;
				CLANG_WARN_ENUM_CONVERSION = YES;
				CLANG_WARN_INFINITE_RECURSION = YES;
				CLANG_WARN_INT_CONVERSION = YES;
				CLANG_WARN_NON_LITERAL_NULL_CONVERSION = YES;
				CLANG_WARN_OBJC_IMPLICIT_RETAIN_SELF = YES;
				CLANG_WARN_OBJC_LITERAL_CONVERSION = YES;
				CLANG_WARN_OBJC_ROOT_CLASS = YES_ERROR;
				CLANG_WARN_QUOTED_INCLUDE_IN_FRAMEWORK_HEADER = YES;
				CLANG_WARN_RANGE_LOOP_ANALYSIS = YES;
				CLANG_WARN_STRICT_PROTOTYPES = YES;
				CLANG_WARN_SUSPICIOUS_MOVE = YES;
				CLANG_WARN_UNGUARDED_AVAILABILITY = YES_AGGRESSIVE;
				CLANG_WARN_UNREACHABLE_CODE = YES;
				CLANG_WARN__DUPLICATE_METHOD_MATCH = YES;
				COPY_PHASE_STRIP = NO;
				DEBUG_INFORMATION_FORMAT = dwarf;
				ENABLE_STRICT_OBJC_MSGSEND = YES;
				ENABLE_TESTABILITY = YES;
				GCC_C_LANGUAGE_STANDARD = gnu11;
				GCC_DYNAMIC_NO_PIC = NO;
				GCC_NO_COMMON_BLOCKS = YES;
				GCC_OPTIMIZATION_LEVEL = 0;
				GCC_PREPROCESSOR_DEFINITIONS = (
					"DEBUG=1",
					"$(inherited)",
				);
				GCC_WARN_64_TO_32_BIT_CONVERSION = YES;
				GCC_WARN_ABOUT_RETURN_TYPE = YES_ERROR;
				GCC_WARN_UNDECLARED_SELECTOR = YES;
				GCC_WARN_UNINITIALIZED_AUTOS = YES_AGGRESSIVE;
				GCC_WARN_UNUSED_FUNCTION = YES;
				GCC_WARN_UNUSED_VARIABLE = YES;
				IPHONEOS_DEPLOYMENT_TARGET = 16.0;
				MTL_ENABLE_DEBUG_INFO = INCLUDE_SOURCE;
				MTL_FAST_MATH = YES;
				ONLY_ACTIVE_ARCH = YES;
				SDKROOT = iphoneos;
				SWIFT_ACTIVE_COMPILATION_CONDITIONS = DEBUG;
				SWIFT_OPTIMIZATION_LEVEL = "-Onone";
			};
			name = Debug;
		};
		5B775B782978B18C00733ACC /* Release */ = {
			isa = XCBuildConfiguration;
			buildSettings = {
				ALWAYS_SEARCH_USER_PATHS = NO;
				CLANG_ANALYZER_NONNULL = YES;
				CLANG_ANALYZER_NUMBER_OBJECT_CONVERSION = YES_AGGRESSIVE;
				CLANG_CXX_LANGUAGE_STANDARD = "gnu++20";
				CLANG_ENABLE_MODULES = YES;
				CLANG_ENABLE_OBJC_ARC = YES;
				CLANG_ENABLE_OBJC_WEAK = YES;
				CLANG_WARN_BLOCK_CAPTURE_AUTORELEASING = YES;
				CLANG_WARN_BOOL_CONVERSION = YES;
				CLANG_WARN_COMMA = YES;
				CLANG_WARN_CONSTANT_CONVERSION = YES;
				CLANG_WARN_DEPRECATED_OBJC_IMPLEMENTATIONS = YES;
				CLANG_WARN_DIRECT_OBJC_ISA_USAGE = YES_ERROR;
				CLANG_WARN_DOCUMENTATION_COMMENTS = YES;
				CLANG_WARN_EMPTY_BODY = YES;
				CLANG_WARN_ENUM_CONVERSION = YES;
				CLANG_WARN_INFINITE_RECURSION = YES;
				CLANG_WARN_INT_CONVERSION = YES;
				CLANG_WARN_NON_LITERAL_NULL_CONVERSION = YES;
				CLANG_WARN_OBJC_IMPLICIT_RETAIN_SELF = YES;
				CLANG_WARN_OBJC_LITERAL_CONVERSION = YES;
				CLANG_WARN_OBJC_ROOT_CLASS = YES_ERROR;
				CLANG_WARN_QUOTED_INCLUDE_IN_FRAMEWORK_HEADER = YES;
				CLANG_WARN_RANGE_LOOP_ANALYSIS = YES;
				CLANG_WARN_STRICT_PROTOTYPES = YES;
				CLANG_WARN_SUSPICIOUS_MOVE = YES;
				CLANG_WARN_UNGUARDED_AVAILABILITY = YES_AGGRESSIVE;
				CLANG_WARN_UNREACHABLE_CODE = YES;
				CLANG_WARN__DUPLICATE_METHOD_MATCH = YES;
				COPY_PHASE_STRIP = NO;
				DEBUG_INFORMATION_FORMAT = "dwarf-with-dsym";
				ENABLE_NS_ASSERTIONS = NO;
				ENABLE_STRICT_OBJC_MSGSEND = YES;
				GCC_C_LANGUAGE_STANDARD = gnu11;
				GCC_NO_COMMON_BLOCKS = YES;
				GCC_WARN_64_TO_32_BIT_CONVERSION = YES;
				GCC_WARN_ABOUT_RETURN_TYPE = YES_ERROR;
				GCC_WARN_UNDECLARED_SELECTOR = YES;
				GCC_WARN_UNINITIALIZED_AUTOS = YES_AGGRESSIVE;
				GCC_WARN_UNUSED_FUNCTION = YES;
				GCC_WARN_UNUSED_VARIABLE = YES;
				IPHONEOS_DEPLOYMENT_TARGET = 16.0;
				MTL_ENABLE_DEBUG_INFO = NO;
				MTL_FAST_MATH = YES;
				SDKROOT = iphoneos;
				SWIFT_COMPILATION_MODE = wholemodule;
				SWIFT_OPTIMIZATION_LEVEL = "-O";
				VALIDATE_PRODUCT = YES;
			};
			name = Release;
		};
		5B775B7A2978B18C00733ACC /* Debug */ = {
			isa = XCBuildConfiguration;
			buildSettings = {
				ASSETCATALOG_COMPILER_APPICON_NAME = AppIcon;
				ASSETCATALOG_COMPILER_GLOBAL_ACCENT_COLOR_NAME = AccentColor;
				CODE_SIGN_STYLE = Automatic;
				CURRENT_PROJECT_VERSION = 1;
				GENERATE_INFOPLIST_FILE = YES;
				INFOPLIST_FILE = Application/Assets/Info.plist;
				INFOPLIST_KEY_LSApplicationCategoryType = "public.app-category.entertainment";
				INFOPLIST_KEY_UIApplicationSupportsIndirectInputEvents = YES;
				INFOPLIST_KEY_UILaunchStoryboardName = LaunchScreen;
				INFOPLIST_KEY_UIMainStoryboardFile = Main;
				INFOPLIST_KEY_UISupportedInterfaceOrientations_iPad = "UIInterfaceOrientationPortrait UIInterfaceOrientationPortraitUpsideDown UIInterfaceOrientationLandscapeLeft UIInterfaceOrientationLandscapeRight";
				INFOPLIST_KEY_UISupportedInterfaceOrientations_iPhone = "UIInterfaceOrientationPortrait UIInterfaceOrientationLandscapeLeft UIInterfaceOrientationLandscapeRight";
				IPHONEOS_DEPLOYMENT_TARGET = 14.5;
				LD_RUNPATH_SEARCH_PATHS = (
					"$(inherited)",
					"@executable_path/Frameworks",
				);
				MARKETING_VERSION = 1.0;
				PRODUCT_BUNDLE_IDENTIFIER = "com.github.khasnain0.-0230118-HasnainKhan-NYCSchools";
				PRODUCT_NAME = "$(TARGET_NAME)";
				SWIFT_EMIT_LOC_STRINGS = YES;
				SWIFT_VERSION = 5.0;
				TARGETED_DEVICE_FAMILY = "1,2";
			};
			name = Debug;
		};
		5B775B7B2978B18C00733ACC /* Release */ = {
			isa = XCBuildConfiguration;
			buildSettings = {
				ASSETCATALOG_COMPILER_APPICON_NAME = AppIcon;
				ASSETCATALOG_COMPILER_GLOBAL_ACCENT_COLOR_NAME = AccentColor;
				CODE_SIGN_STYLE = Automatic;
				CURRENT_PROJECT_VERSION = 1;
				GENERATE_INFOPLIST_FILE = YES;
				INFOPLIST_FILE = Application/Assets/Info.plist;
				INFOPLIST_KEY_LSApplicationCategoryType = "public.app-category.entertainment";
				INFOPLIST_KEY_UIApplicationSupportsIndirectInputEvents = YES;
				INFOPLIST_KEY_UILaunchStoryboardName = LaunchScreen;
				INFOPLIST_KEY_UIMainStoryboardFile = Main;
				INFOPLIST_KEY_UISupportedInterfaceOrientations_iPad = "UIInterfaceOrientationPortrait UIInterfaceOrientationPortraitUpsideDown UIInterfaceOrientationLandscapeLeft UIInterfaceOrientationLandscapeRight";
				INFOPLIST_KEY_UISupportedInterfaceOrientations_iPhone = "UIInterfaceOrientationPortrait UIInterfaceOrientationLandscapeLeft UIInterfaceOrientationLandscapeRight";
				IPHONEOS_DEPLOYMENT_TARGET = 14.5;
				LD_RUNPATH_SEARCH_PATHS = (
					"$(inherited)",
					"@executable_path/Frameworks",
				);
				MARKETING_VERSION = 1.0;
				PRODUCT_BUNDLE_IDENTIFIER = "com.github.khasnain0.-0230118-HasnainKhan-NYCSchools";
				PRODUCT_NAME = "$(TARGET_NAME)";
				SWIFT_EMIT_LOC_STRINGS = YES;
				SWIFT_VERSION = 5.0;
				TARGETED_DEVICE_FAMILY = "1,2";
			};
			name = Release;
		};
		5B775B7D2978B18C00733ACC /* Debug */ = {
			isa = XCBuildConfiguration;
			buildSettings = {
				ALWAYS_EMBED_SWIFT_STANDARD_LIBRARIES = YES;
				BUNDLE_LOADER = "$(TEST_HOST)";
				CODE_SIGN_STYLE = Automatic;
				CURRENT_PROJECT_VERSION = 1;
				GENERATE_INFOPLIST_FILE = YES;
				IPHONEOS_DEPLOYMENT_TARGET = 14.5;
				MARKETING_VERSION = 1.0;
				PRODUCT_BUNDLE_IDENTIFIER = "com.github.khasnain0.-0230118-HasnainKhan-NYCSchoolsTests";
				PRODUCT_NAME = "$(TARGET_NAME)";
				SWIFT_EMIT_LOC_STRINGS = NO;
				SWIFT_VERSION = 5.0;
				TARGETED_DEVICE_FAMILY = "1,2";
				TEST_HOST = "$(BUILT_PRODUCTS_DIR)/20230118-HasnainKhan-NYCSchools.app/$(BUNDLE_EXECUTABLE_FOLDER_PATH)/20230118-HasnainKhan-NYCSchools";
			};
			name = Debug;
		};
		5B775B7E2978B18C00733ACC /* Release */ = {
			isa = XCBuildConfiguration;
			buildSettings = {
				ALWAYS_EMBED_SWIFT_STANDARD_LIBRARIES = YES;
				BUNDLE_LOADER = "$(TEST_HOST)";
				CODE_SIGN_STYLE = Automatic;
				CURRENT_PROJECT_VERSION = 1;
				GENERATE_INFOPLIST_FILE = YES;
				IPHONEOS_DEPLOYMENT_TARGET = 14.5;
				MARKETING_VERSION = 1.0;
				PRODUCT_BUNDLE_IDENTIFIER = "com.github.khasnain0.-0230118-HasnainKhan-NYCSchoolsTests";
				PRODUCT_NAME = "$(TARGET_NAME)";
				SWIFT_EMIT_LOC_STRINGS = NO;
				SWIFT_VERSION = 5.0;
				TARGETED_DEVICE_FAMILY = "1,2";
				TEST_HOST = "$(BUILT_PRODUCTS_DIR)/20230118-HasnainKhan-NYCSchools.app/$(BUNDLE_EXECUTABLE_FOLDER_PATH)/20230118-HasnainKhan-NYCSchools";
			};
			name = Release;
		};
		5B775B802978B18C00733ACC /* Debug */ = {
			isa = XCBuildConfiguration;
			buildSettings = {
				ALWAYS_EMBED_SWIFT_STANDARD_LIBRARIES = YES;
				CODE_SIGN_STYLE = Automatic;
				CURRENT_PROJECT_VERSION = 1;
				GENERATE_INFOPLIST_FILE = YES;
				IPHONEOS_DEPLOYMENT_TARGET = 14.5;
				MARKETING_VERSION = 1.0;
				PRODUCT_BUNDLE_IDENTIFIER = "com.github.khasnain0.-0230118-HasnainKhan-NYCSchoolsUITests";
				PRODUCT_NAME = "$(TARGET_NAME)";
				SWIFT_EMIT_LOC_STRINGS = NO;
				SWIFT_VERSION = 5.0;
				TARGETED_DEVICE_FAMILY = "1,2";
				TEST_TARGET_NAME = "20230118-HasnainKhan-NYCSchools";
			};
			name = Debug;
		};
		5B775B812978B18C00733ACC /* Release */ = {
			isa = XCBuildConfiguration;
			buildSettings = {
				ALWAYS_EMBED_SWIFT_STANDARD_LIBRARIES = YES;
				CODE_SIGN_STYLE = Automatic;
				CURRENT_PROJECT_VERSION = 1;
				GENERATE_INFOPLIST_FILE = YES;
				IPHONEOS_DEPLOYMENT_TARGET = 14.5;
				MARKETING_VERSION = 1.0;
				PRODUCT_BUNDLE_IDENTIFIER = "com.github.khasnain0.-0230118-HasnainKhan-NYCSchoolsUITests";
				PRODUCT_NAME = "$(TARGET_NAME)";
				SWIFT_EMIT_LOC_STRINGS = NO;
				SWIFT_VERSION = 5.0;
				TARGETED_DEVICE_FAMILY = "1,2";
				TEST_TARGET_NAME = "20230118-HasnainKhan-NYCSchools";
			};
			name = Release;
		};
/* End XCBuildConfiguration section */

/* Begin XCConfigurationList section */
		5B775B4A2978B18B00733ACC /* Build configuration list for PBXProject "20230118-HasnainKhan-NYCSchools" */ = {
			isa = XCConfigurationList;
			buildConfigurations = (
				5B775B772978B18C00733ACC /* Debug */,
				5B775B782978B18C00733ACC /* Release */,
			);
			defaultConfigurationIsVisible = 0;
			defaultConfigurationName = Release;
		};
		5B775B792978B18C00733ACC /* Build configuration list for PBXNativeTarget "20230118-HasnainKhan-NYCSchools" */ = {
			isa = XCConfigurationList;
			buildConfigurations = (
				5B775B7A2978B18C00733ACC /* Debug */,
				5B775B7B2978B18C00733ACC /* Release */,
			);
			defaultConfigurationIsVisible = 0;
			defaultConfigurationName = Release;
		};
		5B775B7C2978B18C00733ACC /* Build configuration list for PBXNativeTarget "20230118-HasnainKhan-NYCSchoolsTests" */ = {
			isa = XCConfigurationList;
			buildConfigurations = (
				5B775B7D2978B18C00733ACC /* Debug */,
				5B775B7E2978B18C00733ACC /* Release */,
			);
			defaultConfigurationIsVisible = 0;
			defaultConfigurationName = Release;
		};
		5B775B7F2978B18C00733ACC /* Build configuration list for PBXNativeTarget "20230118-HasnainKhan-NYCSchoolsUITests" */ = {
			isa = XCConfigurationList;
			buildConfigurations = (
				5B775B802978B18C00733ACC /* Debug */,
				5B775B812978B18C00733ACC /* Release */,
			);
			defaultConfigurationIsVisible = 0;
			defaultConfigurationName = Release;
		};
/* End XCConfigurationList section */
	};
	rootObject = 5B775B472978B18B00733ACC /* Project object */;
}
